{
  "nodes": {
    "flake-parts": {
      "inputs": {
        "nixpkgs-lib": "nixpkgs-lib"
      },
      "locked": {
        "lastModified": 1690933134,
        "narHash": "sha256-ab989mN63fQZBFrkk4Q8bYxQCktuHmBIBqUG1jl6/FQ=",
        "owner": "hercules-ci",
        "repo": "flake-parts",
        "rev": "59cf3f1447cfc75087e7273b04b31e689a8599fb",
        "type": "github"
      },
      "original": {
        "owner": "hercules-ci",
        "repo": "flake-parts",
        "type": "github"
      }
    },
    "haskell-flake": {
      "locked": {
        "lastModified": 1691763544,
        "narHash": "sha256-QQsSI5VXm0bBijeGSXXNf4fyw76/XmN67NGbmTCx71s=",
        "owner": "srid",
        "repo": "haskell-flake",
        "rev": "f16e7ac05b1f22b66ef05b7fcc8a96281bb2b749",
        "type": "github"
      },
      "original": {
        "owner": "srid",
        "repo": "haskell-flake",
        "type": "github"
      }
    },
    "nixpkgs": {
      "locked": {
        "lastModified": 1689078114,
        "narHash": "sha256-osG8BrX5RpKJ7wH+vI6auOU+ctvNOblT4XXCgknK47c=",
        "owner": "nixos",
        "repo": "nixpkgs",
        "rev": "b6cc7ff8fee93789bc871a267ab876c3fca042cb",
        "type": "github"
      },
      "original": {
        "owner": "nixos",
        "ref": "nixpkgs-unstable",
        "repo": "nixpkgs",
        "type": "github"
      }
    },
    "nixpkgs-lib": {
      "locked": {
        "dir": "lib",
        "lastModified": 1690881714,
        "narHash": "sha256-h/nXluEqdiQHs1oSgkOOWF+j8gcJMWhwnZ9PFabN6q0=",
        "owner": "NixOS",
        "repo": "nixpkgs",
        "rev": "9e1960bc196baf6881340d53dccb203a951745a2",
        "type": "github"
      },
      "original": {
        "dir": "lib",
        "owner": "NixOS",
        "ref": "nixos-unstable",
        "repo": "nixpkgs",
        "type": "github"
      }
    },
    "root": {
      "inputs": {
        "flake-parts": "flake-parts",
        "haskell-flake": "haskell-flake",
        "nixpkgs": "nixpkgs",
        "word24": "word24"
      }
    },
    "word24": {
      "flake": false,
      "locked": {
        "lastModified": 1647587255,
        "narHash": "sha256-S37S10sJ45BulvpqJzlhX/J4hY7cW5jLM9nP4xAftac=",
        "owner": "winterland1989",
        "repo": "word24",
        "rev": "445f791e35ddc8098f05879dbcd07c41b115cb39",
        "type": "github"
      },
      "original": {
        "owner": "winterland1989",
        "repo": "word24",
        "type": "github"
      }
    }
  },
  "root": "root",
  "version": 7
}
